
Microsoft Visual Studio Solution File, Format Version 12.00
# Visual Studio 15
VisualStudioVersion = 15.0.28307.572
MinimumVisualStudioVersion = 10.0.40219.1
Project("{FAE04EC0-301F-11D3-BF4B-00C04F79EFBC}") = "projeto-teste", "projeto-teste\projeto-teste.csproj", "{05C40604-E875-44D9-BF5A-B8BAB6C065EC}"
EndProject
Global
	GlobalSection(SolutionConfigurationPlatforms) = preSolution
		Debug|Any CPU = Debug|Any CPU
		Release|Any CPU = Release|Any CPU
	EndGlobalSection
	GlobalSection(ProjectConfigurationPlatforms) = postSolution
		{05C40604-E875-44D9-BF5A-B8BAB6C065EC}.Debug|Any CPU.ActiveCfg = Debug|Any CPU
		{05C40604-E875-44D9-BF5A-B8BAB6C065EC}.Debug|Any CPU.Build.0 = Debug|Any CPU
		{05C40604-E875-44D9-BF5A-B8BAB6C065EC}.Release|Any CPU.ActiveCfg = Release|Any CPU
		{05C40604-E875-44D9-BF5A-B8BAB6C065EC}.Release|Any CPU.Build.0 = Release|Any CPU
	EndGlobalSection
	GlobalSection(SolutionProperties) = preSolution
		HideSolutionNode = FALSE
	EndGlobalSection
	GlobalSection(ExtensibilityGlobals) = postSolution
		SolutionGuid = {3379FA25-DB1E-4C3E-BED6-33DCE29809F3}
	EndGlobalSection
EndGlobal
